Microsoft Visual Studio Solution File, Format Version 12.00
# Visual Studio Version 17
VisualStudioVersion = 17.13.35931.197
MinimumVisualStudioVersion = 10.0.40219.1
Project("{FAE04EC0-301F-11D3-BF4B-00C04F79EFBC}") = "Ex10", "Ex10\Ex10.csproj", "{ED7FF307-A06F-4201-BEC6-BD184038732F}"
EndProject
Global
	GlobalSection(SolutionConfigurationPlatforms) = preSolution
		Debug|Any CPU = Debug|Any CPU
		Release|Any CPU = Release|Any CPU
	EndGlobalSection
	GlobalSection(ProjectConfigurationPlatforms) = postSolution
		{ED7FF307-A06F-4201-BEC6-BD184038732F}.Debug|Any CPU.ActiveCfg = Debug|Any CPU
		{ED7FF307-A06F-4201-BEC6-BD184038732F}.Debug|Any CPU.Build.0 = Debug|Any CPU
		{ED7FF307-A06F-4201-BEC6-BD184038732F}.Release|Any CPU.ActiveCfg = Release|Any CPU
		{ED7FF307-A06F-4201-BEC6-BD184038732F}.Release|Any CPU.Build.0 = Release|Any CPU
	EndGlobalSection
	GlobalSection(SolutionProperties) = preSolution
		HideSolutionNode = FALSE
	EndGlobalSection
	GlobalSection(ExtensibilityGlobals) = postSolution
		SolutionGuid = {BAD866DB-FBD8-478B-B4C1-35FDD6629CFB}
	EndGlobalSection
EndGlobal
